
Microsoft Visual Studio Solution File, Format Version 12.00
# Visual Studio 15
VisualStudioVersion = 15.0.28307.489
MinimumVisualStudioVersion = 10.0.40219.1
Project("{FAE04EC0-301F-11D3-BF4B-00C04F79EFBC}") = "HashTable", "HashTable\HashTable.csproj", "{EABEDFAD-5F51-4CB3-BA97-F89C043A3A49}"
EndProject
Global
	GlobalSection(SolutionConfigurationPlatforms) = preSolution
		Debug|Any CPU = Debug|Any CPU
		Release|Any CPU = Release|Any CPU
	EndGlobalSection
	GlobalSection(ProjectConfigurationPlatforms) = postSolution
		{EABEDFAD-5F51-4CB3-BA97-F89C043A3A49}.Debug|Any CPU.ActiveCfg = Debug|Any CPU
		{EABEDFAD-5F51-4CB3-BA97-F89C043A3A49}.Debug|Any CPU.Build.0 = Debug|Any CPU
		{EABEDFAD-5F51-4CB3-BA97-F89C043A3A49}.Release|Any CPU.ActiveCfg = Release|Any CPU
		{EABEDFAD-5F51-4CB3-BA97-F89C043A3A49}.Release|Any CPU.Build.0 = Release|Any CPU
	EndGlobalSection
	GlobalSection(SolutionProperties) = preSolution
		HideSolutionNode = FALSE
	EndGlobalSection
	GlobalSection(ExtensibilityGlobals) = postSolution
		SolutionGuid = {392D9D6B-197C-4DD7-9B5F-B41F6107A880}
	EndGlobalSection
EndGlobal
